
Microsoft Visual Studio Solution File, Format Version 12.00
# Visual Studio Version 17
VisualStudioVersion = 17.8.34330.188
MinimumVisualStudioVersion = 10.0.40219.1
Project("{FAE04EC0-301F-11D3-BF4B-00C04F79EFBC}") = "Cline_Bot", "Cline_Bot\Cline_Bot.csproj", "{3E076860-5284-4834-9087-BCFA1FF28703}"
EndProject
Global
	GlobalSection(SolutionConfigurationPlatforms) = preSolution
		Debug|Any CPU = Debug|Any CPU
		Release|Any CPU = Release|Any CPU
	EndGlobalSection
	GlobalSection(ProjectConfigurationPlatforms) = postSolution
		{3E076860-5284-4834-9087-BCFA1FF28703}.Debug|Any CPU.ActiveCfg = Debug|Any CPU
		{3E076860-5284-4834-9087-BCFA1FF28703}.Debug|Any CPU.Build.0 = Debug|Any CPU
		{3E076860-5284-4834-9087-BCFA1FF28703}.Release|Any CPU.ActiveCfg = Release|Any CPU
		{3E076860-5284-4834-9087-BCFA1FF28703}.Release|Any CPU.Build.0 = Release|Any CPU
	EndGlobalSection
	GlobalSection(SolutionProperties) = preSolution
		HideSolutionNode = FALSE
	EndGlobalSection
	GlobalSection(ExtensibilityGlobals) = postSolution
		SolutionGuid = {81282C8E-AFC5-4DBC-95FC-EE4FCFB5629F}
	EndGlobalSection
EndGlobal
